
Microsoft Visual Studio Solution File, Format Version 12.00
Project("{FAE04EC0-301F-11D3-BF4B-00C04F79EFBC}") = "Send1", "Send1\Send1.csproj", "{22423869-F35D-4900-B4D1-2DADF5780199}"
EndProject
Project("{FAE04EC0-301F-11D3-BF4B-00C04F79EFBC}") = "Receive1", "Receive1\Receive1.csproj", "{D973912C-1F76-4B1F-9B95-30A48FF36AA7}"
EndProject
Project("{2150E333-8FDC-42A3-9474-1A3956D46DE8}") = "1 - Hello World", "1 - Hello World", "{A3247318-8ADD-4D0D-B839-68115CF8777C}"
EndProject
Project("{2150E333-8FDC-42A3-9474-1A3956D46DE8}") = "2 - Work Queues", "2 - Work Queues", "{20A9187E-D931-48E4-8476-33F2A8FCBA38}"
EndProject
Project("{FAE04EC0-301F-11D3-BF4B-00C04F79EFBC}") = "Send2", "Send2\Send2.csproj", "{2F7658A8-9FE7-42A8-808E-5ACA81980A7D}"
EndProject
Project("{FAE04EC0-301F-11D3-BF4B-00C04F79EFBC}") = "Receive2", "Receive2\Receive2.csproj", "{5898062C-812D-41CB-91FD-A9B0DA5C8A2C}"
EndProject
Global
	GlobalSection(SolutionConfigurationPlatforms) = preSolution
		Debug|Any CPU = Debug|Any CPU
		Release|Any CPU = Release|Any CPU
	EndGlobalSection
	GlobalSection(ProjectConfigurationPlatforms) = postSolution
		{22423869-F35D-4900-B4D1-2DADF5780199}.Debug|Any CPU.ActiveCfg = Debug|Any CPU
		{22423869-F35D-4900-B4D1-2DADF5780199}.Debug|Any CPU.Build.0 = Debug|Any CPU
		{22423869-F35D-4900-B4D1-2DADF5780199}.Release|Any CPU.ActiveCfg = Release|Any CPU
		{22423869-F35D-4900-B4D1-2DADF5780199}.Release|Any CPU.Build.0 = Release|Any CPU
		{D973912C-1F76-4B1F-9B95-30A48FF36AA7}.Debug|Any CPU.ActiveCfg = Debug|Any CPU
		{D973912C-1F76-4B1F-9B95-30A48FF36AA7}.Debug|Any CPU.Build.0 = Debug|Any CPU
		{D973912C-1F76-4B1F-9B95-30A48FF36AA7}.Release|Any CPU.ActiveCfg = Release|Any CPU
		{D973912C-1F76-4B1F-9B95-30A48FF36AA7}.Release|Any CPU.Build.0 = Release|Any CPU
		{2F7658A8-9FE7-42A8-808E-5ACA81980A7D}.Debug|Any CPU.ActiveCfg = Debug|Any CPU
		{2F7658A8-9FE7-42A8-808E-5ACA81980A7D}.Debug|Any CPU.Build.0 = Debug|Any CPU
		{2F7658A8-9FE7-42A8-808E-5ACA81980A7D}.Release|Any CPU.ActiveCfg = Release|Any CPU
		{2F7658A8-9FE7-42A8-808E-5ACA81980A7D}.Release|Any CPU.Build.0 = Release|Any CPU
		{5898062C-812D-41CB-91FD-A9B0DA5C8A2C}.Debug|Any CPU.ActiveCfg = Debug|Any CPU
		{5898062C-812D-41CB-91FD-A9B0DA5C8A2C}.Debug|Any CPU.Build.0 = Debug|Any CPU
		{5898062C-812D-41CB-91FD-A9B0DA5C8A2C}.Release|Any CPU.ActiveCfg = Release|Any CPU
		{5898062C-812D-41CB-91FD-A9B0DA5C8A2C}.Release|Any CPU.Build.0 = Release|Any CPU
	EndGlobalSection
	GlobalSection(NestedProjects) = preSolution
		{D973912C-1F76-4B1F-9B95-30A48FF36AA7} = {A3247318-8ADD-4D0D-B839-68115CF8777C}
		{22423869-F35D-4900-B4D1-2DADF5780199} = {A3247318-8ADD-4D0D-B839-68115CF8777C}
		{2F7658A8-9FE7-42A8-808E-5ACA81980A7D} = {20A9187E-D931-48E4-8476-33F2A8FCBA38}
		{5898062C-812D-41CB-91FD-A9B0DA5C8A2C} = {20A9187E-D931-48E4-8476-33F2A8FCBA38}
	EndGlobalSection
EndGlobal
